
Microsoft Visual Studio Solution File, Format Version 12.00
# Visual Studio Version 17
VisualStudioVersion = 17.3.32901.215
MinimumVisualStudioVersion = 10.0.40219.1
Project("{FAE04EC0-301F-11D3-BF4B-00C04F79EFBC}") = "Task1", "Task1\Task1.csproj", "{AEEA71EE-6D88-478B-9B9A-A37C0A27A403}"
EndProject
Global
	GlobalSection(SolutionConfigurationPlatforms) = preSolution
		Debug|Any CPU = Debug|Any CPU
		Release|Any CPU = Release|Any CPU
	EndGlobalSection
	GlobalSection(ProjectConfigurationPlatforms) = postSolution
		{AEEA71EE-6D88-478B-9B9A-A37C0A27A403}.Debug|Any CPU.ActiveCfg = Debug|Any CPU
		{AEEA71EE-6D88-478B-9B9A-A37C0A27A403}.Debug|Any CPU.Build.0 = Debug|Any CPU
		{AEEA71EE-6D88-478B-9B9A-A37C0A27A403}.Release|Any CPU.ActiveCfg = Release|Any CPU
		{AEEA71EE-6D88-478B-9B9A-A37C0A27A403}.Release|Any CPU.Build.0 = Release|Any CPU
	EndGlobalSection
	GlobalSection(SolutionProperties) = preSolution
		HideSolutionNode = FALSE
	EndGlobalSection
	GlobalSection(ExtensibilityGlobals) = postSolution
		SolutionGuid = {CB8AB6DC-6AC3-44DB-B7B8-FD9CA0244C51}
	EndGlobalSection
EndGlobal
